// !$*UTF8*$!
{
	archiveVersion = 1;
	classes = {
	};
	objectVersion = 51;
	objects = {

/* Begin PBXBuildFile section */
		3B727D9725D3950A0073172E /* PodfileLock.swift in Sources */ = {isa = PBXBuildFile; fileRef = 3B727D9625D3950A0073172E /* PodfileLock.swift */; };
		3B727D9A25D395400073172E /* Pod.swift in Sources */ = {isa = PBXBuildFile; fileRef = 3B727D9925D395400073172E /* Pod.swift */; };
		3B727D9D25D395940073172E /* SpecRepo.swift in Sources */ = {isa = PBXBuildFile; fileRef = 3B727D9C25D395940073172E /* SpecRepo.swift */; };
		3B727DA125D3A2AB0073172E /* ModuleRowModel.swift in Sources */ = {isa = PBXBuildFile; fileRef = 3B727DA025D3A2AB0073172E /* ModuleRowModel.swift */; };
		3B727DA825D3A3FE0073172E /* ModuleOperationView.swift in Sources */ = {isa = PBXBuildFile; fileRef = 3B727DA725D3A3FE0073172E /* ModuleOperationView.swift */; };
		3B727DAB25D3A5850073172E /* ModuleOperationRowView.swift in Sources */ = {isa = PBXBuildFile; fileRef = 3B727DAA25D3A5850073172E /* ModuleOperationRowView.swift */; };
		3B7D61CD25D29E3E00E8F4A7 /* iOSWorkflowApp.swift in Sources */ = {isa = PBXBuildFile; fileRef = 3B7D61CC25D29E3E00E8F4A7 /* iOSWorkflowApp.swift */; };
		3B7D61D125D29E3F00E8F4A7 /* Assets.xcassets in Resources */ = {isa = PBXBuildFile; fileRef = 3B7D61D025D29E3F00E8F4A7 /* Assets.xcassets */; };
		3B7D61D425D29E3F00E8F4A7 /* Preview Assets.xcassets in Resources */ = {isa = PBXBuildFile; fileRef = 3B7D61D325D29E3F00E8F4A7 /* Preview Assets.xcassets */; };
		3B7D61E225D29FEC00E8F4A7 /* ModuleRootView.swift in Sources */ = {isa = PBXBuildFile; fileRef = 3B7D61E125D29FEC00E8F4A7 /* ModuleRootView.swift */; };
		3B7D61EA25D2A2E900E8F4A7 /* DropView.swift in Sources */ = {isa = PBXBuildFile; fileRef = 3B7D61E925D2A2E900E8F4A7 /* DropView.swift */; };
		3B7D61ED25D2A83600E8F4A7 /* LockFileParser.swift in Sources */ = {isa = PBXBuildFile; fileRef = 3B7D61EC25D2A83600E8F4A7 /* LockFileParser.swift */; };
		3B7D61F025D2AC1B00E8F4A7 /* RootData.swift in Sources */ = {isa = PBXBuildFile; fileRef = 3B7D61EF25D2AC1B00E8F4A7 /* RootData.swift */; };
		3B7D61F525D2B53D00E8F4A7 /* BookmarkTool.swift in Sources */ = {isa = PBXBuildFile; fileRef = 3B7D61F425D2B53D00E8F4A7 /* BookmarkTool.swift */; };
		53CFCC7316D1B35E1B38BD82 /* Pods_iOSWorkflow.framework in Frameworks */ = {isa = PBXBuildFile; fileRef = 8327B3640FF47BCA0093939A /* Pods_iOSWorkflow.framework */; };
/* End PBXBuildFile section */

/* Begin PBXFileReference section */
		3B727D9625D3950A0073172E /* PodfileLock.swift */ = {isa = PBXFileReference; lastKnownFileType = sourcecode.swift; path = PodfileLock.swift; sourceTree = "<group>"; };
		3B727D9925D395400073172E /* Pod.swift */ = {isa = PBXFileReference; lastKnownFileType = sourcecode.swift; path = Pod.swift; sourceTree = "<group>"; };
		3B727D9C25D395940073172E /* SpecRepo.swift */ = {isa = PBXFileReference; lastKnownFileType = sourcecode.swift; path = SpecRepo.swift; sourceTree = "<group>"; };
		3B727DA025D3A2AB0073172E /* ModuleRowModel.swift */ = {isa = PBXFileReference; lastKnownFileType = sourcecode.swift; path = ModuleRowModel.swift; sourceTree = "<group>"; };
		3B727DA725D3A3FE0073172E /* ModuleOperationView.swift */ = {isa = PBXFileReference; lastKnownFileType = sourcecode.swift; path = ModuleOperationView.swift; sourceTree = "<group>"; };
		3B727DAA25D3A5850073172E /* ModuleOperationRowView.swift */ = {isa = PBXFileReference; lastKnownFileType = sourcecode.swift; path = ModuleOperationRowView.swift; sourceTree = "<group>"; };
		3B7D61C925D29E3E00E8F4A7 /* iOSWorkflow.app */ = {isa = PBXFileReference; explicitFileType = wrapper.application; includeInIndex = 0; path = iOSWorkflow.app; sourceTree = BUILT_PRODUCTS_DIR; };
		3B7D61CC25D29E3E00E8F4A7 /* iOSWorkflowApp.swift */ = {isa = PBXFileReference; lastKnownFileType = sourcecode.swift; path = iOSWorkflowApp.swift; sourceTree = "<group>"; };
		3B7D61D025D29E3F00E8F4A7 /* Assets.xcassets */ = {isa = PBXFileReference; lastKnownFileType = folder.assetcatalog; path = Assets.xcassets; sourceTree = "<group>"; };
		3B7D61D325D29E3F00E8F4A7 /* Preview Assets.xcassets */ = {isa = PBXFileReference; lastKnownFileType = folder.assetcatalog; path = "Preview Assets.xcassets"; sourceTree = "<group>"; };
		3B7D61D525D29E3F00E8F4A7 /* Info.plist */ = {isa = PBXFileReference; lastKnownFileType = text.plist.xml; path = Info.plist; sourceTree = "<group>"; };
		3B7D61D625D29E3F00E8F4A7 /* iOSWorkflow.entitlements */ = {isa = PBXFileReference; lastKnownFileType = text.plist.entitlements; path = iOSWorkflow.entitlements; sourceTree = "<group>"; };
		3B7D61E125D29FEC00E8F4A7 /* ModuleRootView.swift */ = {isa = PBXFileReference; lastKnownFileType = sourcecode.swift; path = ModuleRootView.swift; sourceTree = "<group>"; };
		3B7D61E925D2A2E900E8F4A7 /* DropView.swift */ = {isa = PBXFileReference; lastKnownFileType = sourcecode.swift; path = DropView.swift; sourceTree = "<group>"; };
		3B7D61EC25D2A83600E8F4A7 /* LockFileParser.swift */ = {isa = PBXFileReference; lastKnownFileType = sourcecode.swift; path = LockFileParser.swift; sourceTree = "<group>"; };
		3B7D61EF25D2AC1B00E8F4A7 /* RootData.swift */ = {isa = PBXFileReference; lastKnownFileType = sourcecode.swift; path = RootData.swift; sourceTree = "<group>"; };
		3B7D61F425D2B53D00E8F4A7 /* BookmarkTool.swift */ = {isa = PBXFileReference; lastKnownFileType = sourcecode.swift; path = BookmarkTool.swift; sourceTree = "<group>"; };
		6B4A8318EA9F59918E267F31 /* Pods-iOSWorkflow.debug.xcconfig */ = {isa = PBXFileReference; includeInIndex = 1; lastKnownFileType = text.xcconfig; name = "Pods-iOSWorkflow.debug.xcconfig"; path = "Target Support Files/Pods-iOSWorkflow/Pods-iOSWorkflow.debug.xcconfig"; sourceTree = "<group>"; };
		8327B3640FF47BCA0093939A /* Pods_iOSWorkflow.framework */ = {isa = PBXFileReference; explicitFileType = wrapper.framework; includeInIndex = 0; path = Pods_iOSWorkflow.framework; sourceTree = BUILT_PRODUCTS_DIR; };
		8F8556004D869C0B0929906F /* Pods-iOSWorkflow.release.xcconfig */ = {isa = PBXFileReference; includeInIndex = 1; lastKnownFileType = text.xcconfig; name = "Pods-iOSWorkflow.release.xcconfig"; path = "Target Support Files/Pods-iOSWorkflow/Pods-iOSWorkflow.release.xcconfig"; sourceTree = "<group>"; };
/* End PBXFileReference section */

/* Begin PBXFrameworksBuildPhase section */
		3B7D61C625D29E3E00E8F4A7 /* Frameworks */ = {
			isa = PBXFrameworksBuildPhase;
			buildActionMask = 2147483647;
			files = (
				53CFCC7316D1B35E1B38BD82 /* Pods_iOSWorkflow.framework in Frameworks */,
			);
			runOnlyForDeploymentPostprocessing = 0;
		};
/* End PBXFrameworksBuildPhase section */

/* Begin PBXGroup section */
		3B7D61C025D29E3E00E8F4A7 = {
			isa = PBXGroup;
			children = (
				3B7D61CB25D29E3E00E8F4A7 /* iOSWorkflow */,
				3B7D61CA25D29E3E00E8F4A7 /* Products */,
				A878EF8299FD43ADB12C4869 /* Pods */,
				D7616ECDACDE26FC0B1D262C /* Frameworks */,
			);
			sourceTree = "<group>";
		};
		3B7D61CA25D29E3E00E8F4A7 /* Products */ = {
			isa = PBXGroup;
			children = (
				3B7D61C925D29E3E00E8F4A7 /* iOSWorkflow.app */,
			);
			name = Products;
			sourceTree = "<group>";
		};
		3B7D61CB25D29E3E00E8F4A7 /* iOSWorkflow */ = {
			isa = PBXGroup;
			children = (
				3B7D61DE25D29FD100E8F4A7 /* Model */,
				3B7D61DF25D29FD100E8F4A7 /* Utils */,
				3B7D61E025D29FD100E8F4A7 /* View */,
				3B7D61CC25D29E3E00E8F4A7 /* iOSWorkflowApp.swift */,
				3B7D61D025D29E3F00E8F4A7 /* Assets.xcassets */,
				3B7D61D525D29E3F00E8F4A7 /* Info.plist */,
				3B7D61D625D29E3F00E8F4A7 /* iOSWorkflow.entitlements */,
				3B7D61D225D29E3F00E8F4A7 /* Preview Content */,
			);
			path = iOSWorkflow;
			sourceTree = "<group>";
		};
		3B7D61D225D29E3F00E8F4A7 /* Preview Content */ = {
			isa = PBXGroup;
			children = (
				3B7D61D325D29E3F00E8F4A7 /* Preview Assets.xcassets */,
			);
			path = "Preview Content";
			sourceTree = "<group>";
		};
		3B7D61DE25D29FD100E8F4A7 /* Model */ = {
			isa = PBXGroup;
			children = (
				3B727DA025D3A2AB0073172E /* ModuleRowModel.swift */,
				3B7D61EF25D2AC1B00E8F4A7 /* RootData.swift */,
				3B727D9625D3950A0073172E /* PodfileLock.swift */,
				3B727D9925D395400073172E /* Pod.swift */,
				3B727D9C25D395940073172E /* SpecRepo.swift */,
			);
			path = Model;
			sourceTree = "<group>";
		};
		3B7D61DF25D29FD100E8F4A7 /* Utils */ = {
			isa = PBXGroup;
			children = (
				3B7D61EC25D2A83600E8F4A7 /* LockFileParser.swift */,
				3B7D61F425D2B53D00E8F4A7 /* BookmarkTool.swift */,
			);
			path = Utils;
			sourceTree = "<group>";
		};
		3B7D61E025D29FD100E8F4A7 /* View */ = {
			isa = PBXGroup;
			children = (
				3B7D61E125D29FEC00E8F4A7 /* ModuleRootView.swift */,
				3B7D61E925D2A2E900E8F4A7 /* DropView.swift */,
				3B727DA725D3A3FE0073172E /* ModuleOperationView.swift */,
				3B727DAA25D3A5850073172E /* ModuleOperationRowView.swift */,
			);
			path = View;
			sourceTree = "<group>";
		};
		A878EF8299FD43ADB12C4869 /* Pods */ = {
			isa = PBXGroup;
			children = (
				6B4A8318EA9F59918E267F31 /* Pods-iOSWorkflow.debug.xcconfig */,
				8F8556004D869C0B0929906F /* Pods-iOSWorkflow.release.xcconfig */,
			);
			path = Pods;
			sourceTree = "<group>";
		};
		D7616ECDACDE26FC0B1D262C /* Frameworks */ = {
			isa = PBXGroup;
			children = (
				8327B3640FF47BCA0093939A /* Pods_iOSWorkflow.framework */,
			);
			name = Frameworks;
			sourceTree = "<group>";
		};
/* End PBXGroup section */

/* Begin PBXNativeTarget section */
		3B7D61C825D29E3E00E8F4A7 /* iOSWorkflow */ = {
			isa = PBXNativeTarget;
			buildConfigurationList = 3B7D61D925D29E3F00E8F4A7 /* Build configuration list for PBXNativeTarget "iOSWorkflow" */;
			buildPhases = (
				B3EDD35636A0EDCAD59BA9E5 /* [CP] Check Pods Manifest.lock */,
				3B7D61C525D29E3E00E8F4A7 /* Sources */,
				3B7D61C625D29E3E00E8F4A7 /* Frameworks */,
				3B7D61C725D29E3E00E8F4A7 /* Resources */,
				024D8B1BD8FD2E30BC445AF5 /* [CP] Embed Pods Frameworks */,
			);
			buildRules = (
			);
			dependencies = (
			);
			name = iOSWorkflow;
			productName = iOSWorkflow;
			productReference = 3B7D61C925D29E3E00E8F4A7 /* iOSWorkflow.app */;
			productType = "com.apple.product-type.application";
		};
/* End PBXNativeTarget section */

/* Begin PBXProject section */
		3B7D61C125D29E3E00E8F4A7 /* Project object */ = {
			isa = PBXProject;
			attributes = {
				LastSwiftUpdateCheck = 1240;
				LastUpgradeCheck = 1240;
				TargetAttributes = {
					3B7D61C825D29E3E00E8F4A7 = {
						CreatedOnToolsVersion = 12.4;
					};
				};
			};
			buildConfigurationList = 3B7D61C425D29E3E00E8F4A7 /* Build configuration list for PBXProject "iOSWorkflow" */;
			compatibilityVersion = "Xcode 9.3";
			developmentRegion = en;
			hasScannedForEncodings = 0;
			knownRegions = (
				en,
				Base,
			);
			mainGroup = 3B7D61C025D29E3E00E8F4A7;
			productRefGroup = 3B7D61CA25D29E3E00E8F4A7 /* Products */;
			projectDirPath = "";
			projectRoot = "";
			targets = (
				3B7D61C825D29E3E00E8F4A7 /* iOSWorkflow */,
			);
		};
/* End PBXProject section */

/* Begin PBXResourcesBuildPhase section */
		3B7D61C725D29E3E00E8F4A7 /* Resources */ = {
			isa = PBXResourcesBuildPhase;
			buildActionMask = 2147483647;
			files = (
				3B7D61D425D29E3F00E8F4A7 /* Preview Assets.xcassets in Resources */,
				3B7D61D125D29E3F00E8F4A7 /* Assets.xcassets in Resources */,
			);
			runOnlyForDeploymentPostprocessing = 0;
		};
/* End PBXResourcesBuildPhase section */

/* Begin PBXShellScriptBuildPhase section */
		024D8B1BD8FD2E30BC445AF5 /* [CP] Embed Pods Frameworks */ = {
			isa = PBXShellScriptBuildPhase;
			buildActionMask = 2147483647;
			files = (
			);
			inputFileListPaths = (
				"${PODS_ROOT}/Target Support Files/Pods-iOSWorkflow/Pods-iOSWorkflow-frameworks-${CONFIGURATION}-input-files.xcfilelist",
			);
			name = "[CP] Embed Pods Frameworks";
			outputFileListPaths = (
				"${PODS_ROOT}/Target Support Files/Pods-iOSWorkflow/Pods-iOSWorkflow-frameworks-${CONFIGURATION}-output-files.xcfilelist",
			);
			runOnlyForDeploymentPostprocessing = 0;
			shellPath = /bin/sh;
			shellScript = "\"${PODS_ROOT}/Target Support Files/Pods-iOSWorkflow/Pods-iOSWorkflow-frameworks.sh\"\n";
			showEnvVarsInLog = 0;
		};
		B3EDD35636A0EDCAD59BA9E5 /* [CP] Check Pods Manifest.lock */ = {
			isa = PBXShellScriptBuildPhase;
			buildActionMask = 2147483647;
			files = (
			);
			inputFileListPaths = (
			);
			inputPaths = (
				"${PODS_PODFILE_DIR_PATH}/Podfile.lock",
				"${PODS_ROOT}/Manifest.lock",
			);
			name = "[CP] Check Pods Manifest.lock";
			outputFileListPaths = (
			);
			outputPaths = (
				"$(DERIVED_FILE_DIR)/Pods-iOSWorkflow-checkManifestLockResult.txt",
			);
			runOnlyForDeploymentPostprocessing = 0;
			shellPath = /bin/sh;
			shellScript = "diff \"${PODS_PODFILE_DIR_PATH}/Podfile.lock\" \"${PODS_ROOT}/Manifest.lock\" > /dev/null\nif [ $? != 0 ] ; then\n    # print error to STDERR\n    echo \"error: The sandbox is not in sync with the Podfile.lock. Run 'pod install' or update your CocoaPods installation.\" >&2\n    exit 1\nfi\n# This output is used by Xcode 'outputs' to avoid re-running this script phase.\necho \"SUCCESS\" > \"${SCRIPT_OUTPUT_FILE_0}\"\n";
			showEnvVarsInLog = 0;
		};
/* End PBXShellScriptBuildPhase section */

/* Begin PBXSourcesBuildPhase section */
		3B7D61C525D29E3E00E8F4A7 /* Sources */ = {
			isa = PBXSourcesBuildPhase;
			buildActionMask = 2147483647;
			files = (
				3B727DA125D3A2AB0073172E /* ModuleRowModel.swift in Sources */,
				3B727D9725D3950A0073172E /* PodfileLock.swift in Sources */,
				3B727DA825D3A3FE0073172E /* ModuleOperationView.swift in Sources */,
				3B7D61E225D29FEC00E8F4A7 /* ModuleRootView.swift in Sources */,
				3B7D61F025D2AC1B00E8F4A7 /* RootData.swift in Sources */,
				3B727D9A25D395400073172E /* Pod.swift in Sources */,
				3B7D61EA25D2A2E900E8F4A7 /* DropView.swift in Sources */,
				3B7D61ED25D2A83600E8F4A7 /* LockFileParser.swift in Sources */,
				3B727DAB25D3A5850073172E /* ModuleOperationRowView.swift in Sources */,
				3B7D61CD25D29E3E00E8F4A7 /* iOSWorkflowApp.swift in Sources */,
				3B727D9D25D395940073172E /* SpecRepo.swift in Sources */,
				3B7D61F525D2B53D00E8F4A7 /* BookmarkTool.swift in Sources */,
			);
			runOnlyForDeploymentPostprocessing = 0;
		};
/* End PBXSourcesBuildPhase section */

/* Begin XCBuildConfiguration section */
		3B7D61D725D29E3F00E8F4A7 /* Debug */ = {
			isa = XCBuildConfiguration;
			buildSettings = {
				ALWAYS_SEARCH_USER_PATHS = NO;
				CLANG_ANALYZER_NONNULL = YES;
				CLANG_ANALYZER_NUMBER_OBJECT_CONVERSION = YES_AGGRESSIVE;
				CLANG_CXX_LANGUAGE_STANDARD = "gnu++14";
				CLANG_CXX_LIBRARY = "libc++";
				CLANG_ENABLE_MODULES = YES;
				CLANG_ENABLE_OBJC_ARC = YES;
				CLANG_ENABLE_OBJC_WEAK = YES;
				CLANG_WARN_BLOCK_CAPTURE_AUTORELEASING = YES;
				CLANG_WARN_BOOL_CONVERSION = YES;
				CLANG_WARN_COMMA = YES;
				CLANG_WARN_CONSTANT_CONVERSION = YES;
				CLANG_WARN_DEPRECATED_OBJC_IMPLEMENTATIONS = YES;
				CLANG_WARN_DIRECT_OBJC_ISA_USAGE = YES_ERROR;
				CLANG_WARN_DOCUMENTATION_COMMENTS = YES;
				CLANG_WARN_EMPTY_BODY = YES;
				CLANG_WARN_ENUM_CONVERSION = YES;
				CLANG_WARN_INFINITE_RECURSION = YES;
				CLANG_WARN_INT_CONVERSION = YES;
				CLANG_WARN_NON_LITERAL_NULL_CONVERSION = YES;
				CLANG_WARN_OBJC_IMPLICIT_RETAIN_SELF = YES;
				CLANG_WARN_OBJC_LITERAL_CONVERSION = YES;
				CLANG_WARN_OBJC_ROOT_CLASS = YES_ERROR;
				CLANG_WARN_QUOTED_INCLUDE_IN_FRAMEWORK_HEADER = YES;
				CLANG_WARN_RANGE_LOOP_ANALYSIS = YES;
				CLANG_WARN_STRICT_PROTOTYPES = YES;
				CLANG_WARN_SUSPICIOUS_MOVE = YES;
				CLANG_WARN_UNGUARDED_AVAILABILITY = YES_AGGRESSIVE;
				CLANG_WARN_UNREACHABLE_CODE = YES;
				CLANG_WARN__DUPLICATE_METHOD_MATCH = YES;
				COPY_PHASE_STRIP = NO;
				DEBUG_INFORMATION_FORMAT = dwarf;
				ENABLE_STRICT_OBJC_MSGSEND = YES;
				ENABLE_TESTABILITY = YES;
				GCC_C_LANGUAGE_STANDARD = gnu11;
				GCC_DYNAMIC_NO_PIC = NO;
				GCC_NO_COMMON_BLOCKS = YES;
				GCC_OPTIMIZATION_LEVEL = 0;
				GCC_PREPROCESSOR_DEFINITIONS = (
					"DEBUG=1",
					"$(inherited)",
				);
				GCC_WARN_64_TO_32_BIT_CONVERSION = YES;
				GCC_WARN_ABOUT_RETURN_TYPE = YES_ERROR;
				GCC_WARN_UNDECLARED_SELECTOR = YES;
				GCC_WARN_UNINITIALIZED_AUTOS = YES_AGGRESSIVE;
				GCC_WARN_UNUSED_FUNCTION = YES;
				GCC_WARN_UNUSED_VARIABLE = YES;
				MACOSX_DEPLOYMENT_TARGET = 11.1;
				MTL_ENABLE_DEBUG_INFO = INCLUDE_SOURCE;
				MTL_FAST_MATH = YES;
				ONLY_ACTIVE_ARCH = YES;
				SDKROOT = macosx;
				SWIFT_ACTIVE_COMPILATION_CONDITIONS = DEBUG;
				SWIFT_OPTIMIZATION_LEVEL = "-Onone";
			};
			name = Debug;
		};
		3B7D61D825D29E3F00E8F4A7 /* Release */ = {
			isa = XCBuildConfiguration;
			buildSettings = {
				ALWAYS_SEARCH_USER_PATHS = NO;
				CLANG_ANALYZER_NONNULL = YES;
				CLANG_ANALYZER_NUMBER_OBJECT_CONVERSION = YES_AGGRESSIVE;
				CLANG_CXX_LANGUAGE_STANDARD = "gnu++14";
				CLANG_CXX_LIBRARY = "libc++";
				CLANG_ENABLE_MODULES = YES;
				CLANG_ENABLE_OBJC_ARC = YES;
				CLANG_ENABLE_OBJC_WEAK = YES;
				CLANG_WARN_BLOCK_CAPTURE_AUTORELEASING = YES;
				CLANG_WARN_BOOL_CONVERSION = YES;
				CLANG_WARN_COMMA = YES;
				CLANG_WARN_CONSTANT_CONVERSION = YES;
				CLANG_WARN_DEPRECATED_OBJC_IMPLEMENTATIONS = YES;
				CLANG_WARN_DIRECT_OBJC_ISA_USAGE = YES_ERROR;
				CLANG_WARN_DOCUMENTATION_COMMENTS = YES;
				CLANG_WARN_EMPTY_BODY = YES;
				CLANG_WARN_ENUM_CONVERSION = YES;
				CLANG_WARN_INFINITE_RECURSION = YES;
				CLANG_WARN_INT_CONVERSION = YES;
				CLANG_WARN_NON_LITERAL_NULL_CONVERSION = YES;
				CLANG_WARN_OBJC_IMPLICIT_RETAIN_SELF = YES;
				CLANG_WARN_OBJC_LITERAL_CONVERSION = YES;
				CLANG_WARN_OBJC_ROOT_CLASS = YES_ERROR;
				CLANG_WARN_QUOTED_INCLUDE_IN_FRAMEWORK_HEADER = YES;
				CLANG_WARN_RANGE_LOOP_ANALYSIS = YES;
				CLANG_WARN_STRICT_PROTOTYPES = YES;
				CLANG_WARN_SUSPICIOUS_MOVE = YES;
				CLANG_WARN_UNGUARDED_AVAILABILITY = YES_AGGRESSIVE;
				CLANG_WARN_UNREACHABLE_CODE = YES;
				CLANG_WARN__DUPLICATE_METHOD_MATCH = YES;
				COPY_PHASE_STRIP = NO;
				DEBUG_INFORMATION_FORMAT = "dwarf-with-dsym";
				ENABLE_NS_ASSERTIONS = NO;
				ENABLE_STRICT_OBJC_MSGSEND = YES;
				GCC_C_LANGUAGE_STANDARD = gnu11;
				GCC_NO_COMMON_BLOCKS = YES;
				GCC_WARN_64_TO_32_BIT_CONVERSION = YES;
				GCC_WARN_ABOUT_RETURN_TYPE = YES_ERROR;
				GCC_WARN_UNDECLARED_SELECTOR = YES;
				GCC_WARN_UNINITIALIZED_AUTOS = YES_AGGRESSIVE;
				GCC_WARN_UNUSED_FUNCTION = YES;
				GCC_WARN_UNUSED_VARIABLE = YES;
				MACOSX_DEPLOYMENT_TARGET = 11.1;
				MTL_ENABLE_DEBUG_INFO = NO;
				MTL_FAST_MATH = YES;
				SDKROOT = macosx;
				SWIFT_COMPILATION_MODE = wholemodule;
				SWIFT_OPTIMIZATION_LEVEL = "-O";
			};
			name = Release;
		};
		3B7D61DA25D29E3F00E8F4A7 /* Debug */ = {
			isa = XCBuildConfiguration;
			baseConfigurationReference = 6B4A8318EA9F59918E267F31 /* Pods-iOSWorkflow.debug.xcconfig */;
			buildSettings = {
				ASSETCATALOG_COMPILER_APPICON_NAME = AppIcon;
				ASSETCATALOG_COMPILER_GLOBAL_ACCENT_COLOR_NAME = AccentColor;
				CODE_SIGN_ENTITLEMENTS = iOSWorkflow/iOSWorkflow.entitlements;
				CODE_SIGN_STYLE = Automatic;
				COMBINE_HIDPI_IMAGES = YES;
				DEVELOPMENT_ASSET_PATHS = "\"iOSWorkflow/Preview Content\"";
				DEVELOPMENT_TEAM = 56M98M5X7T;
				ENABLE_HARDENED_RUNTIME = YES;
				ENABLE_PREVIEWS = YES;
				INFOPLIST_FILE = iOSWorkflow/Info.plist;
				LD_RUNPATH_SEARCH_PATHS = (
					"$(inherited)",
					"@executable_path/../Frameworks",
				);
				MACOSX_DEPLOYMENT_TARGET = 11.0;
				PRODUCT_BUNDLE_IDENTIFIER = com.tencent.harofan.iOSWorkflow;
				PRODUCT_NAME = "$(TARGET_NAME)";
				SWIFT_VERSION = 5.0;
			};
			name = Debug;
		};
		3B7D61DB25D29E3F00E8F4A7 /* Release */ = {
			isa = XCBuildConfiguration;
			baseConfigurationReference = 8F8556004D869C0B0929906F /* Pods-iOSWorkflow.release.xcconfig */;
			buildSettings = {
				ASSETCATALOG_COMPILER_APPICON_NAME = AppIcon;
				ASSETCATALOG_COMPILER_GLOBAL_ACCENT_COLOR_NAME = AccentColor;
				CODE_SIGN_ENTITLEMENTS = iOSWorkflow/iOSWorkflow.entitlements;
				CODE_SIGN_STYLE = Automatic;
				COMBINE_HIDPI_IMAGES = YES;
				DEVELOPMENT_ASSET_PATHS = "\"iOSWorkflow/Preview Content\"";
				DEVELOPMENT_TEAM = 56M98M5X7T;
				ENABLE_HARDENED_RUNTIME = YES;
				ENABLE_PREVIEWS = YES;
				INFOPLIST_FILE = iOSWorkflow/Info.plist;
				LD_RUNPATH_SEARCH_PATHS = (
					"$(inherited)",
					"@executable_path/../Frameworks",
				);
				MACOSX_DEPLOYMENT_TARGET = 11.0;
				PRODUCT_BUNDLE_IDENTIFIER = com.tencent.harofan.iOSWorkflow;
				PRODUCT_NAME = "$(TARGET_NAME)";
				SWIFT_VERSION = 5.0;
			};
			name = Release;
		};
/* End XCBuildConfiguration section */

/* Begin XCConfigurationList section */
		3B7D61C425D29E3E00E8F4A7 /* Build configuration list for PBXProject "iOSWorkflow" */ = {
			isa = XCConfigurationList;
			buildConfigurations = (
				3B7D61D725D29E3F00E8F4A7 /* Debug */,
				3B7D61D825D29E3F00E8F4A7 /* Release */,
			);
			defaultConfigurationIsVisible = 0;
			defaultConfigurationName = Release;
		};
		3B7D61D925D29E3F00E8F4A7 /* Build configuration list for PBXNativeTarget "iOSWorkflow" */ = {
			isa = XCConfigurationList;
			buildConfigurations = (
				3B7D61DA25D29E3F00E8F4A7 /* Debug */,
				3B7D61DB25D29E3F00E8F4A7 /* Release */,
			);
			defaultConfigurationIsVisible = 0;
			defaultConfigurationName = Release;
		};
/* End XCConfigurationList section */
	};
	rootObject = 3B7D61C125D29E3E00E8F4A7 /* Project object */;
}
